
Microsoft Visual Studio Solution File, Format Version 12.00
# Visual Studio Version 16
VisualStudioVersion = 16.0.30523.141
MinimumVisualStudioVersion = 10.0.40219.1
Project("{FAE04EC0-301F-11D3-BF4B-00C04F79EFBC}") = "WsConsultaSPC", "WsConsultaSPC\WsConsultaSPC.csproj", "{936E30B1-19E6-4999-8195-008BB51D44E5}"
EndProject
Global
	GlobalSection(SolutionConfigurationPlatforms) = preSolution
		Debug|Any CPU = Debug|Any CPU
		Release|Any CPU = Release|Any CPU
	EndGlobalSection
	GlobalSection(ProjectConfigurationPlatforms) = postSolution
		{936E30B1-19E6-4999-8195-008BB51D44E5}.Debug|Any CPU.ActiveCfg = Debug|Any CPU
		{936E30B1-19E6-4999-8195-008BB51D44E5}.Debug|Any CPU.Build.0 = Debug|Any CPU
		{936E30B1-19E6-4999-8195-008BB51D44E5}.Release|Any CPU.ActiveCfg = Release|Any CPU
		{936E30B1-19E6-4999-8195-008BB51D44E5}.Release|Any CPU.Build.0 = Release|Any CPU
	EndGlobalSection
	GlobalSection(SolutionProperties) = preSolution
		HideSolutionNode = FALSE
	EndGlobalSection
	GlobalSection(ExtensibilityGlobals) = postSolution
		SolutionGuid = {54E52DE7-93DB-46EF-9D23-4E9E56725CEF}
	EndGlobalSection
EndGlobal
